
Microsoft Visual Studio Solution File, Format Version 11.00
# Visual Studio 2010
Project("{FAE04EC0-301F-11D3-BF4B-00C04F79EFBC}") = "Assembly-CSharp", "Assembly-CSharp.csproj", "{BA5E8644-F95A-2F27-3F08-0299978F675E}"
EndProject
Project("{FAE04EC0-301F-11D3-BF4B-00C04F79EFBC}") = "Assembly-CSharp-Editor", "Assembly-CSharp-Editor.csproj", "{3FDA8E2C-53CA-2F92-FB98-271C5E016013}"
EndProject
Global
	GlobalSection(SolutionConfigurationPlatforms) = preSolution
		Debug|Any CPU = Debug|Any CPU
		Release|Any CPU = Release|Any CPU
	EndGlobalSection
	GlobalSection(ProjectConfigurationPlatforms) = postSolution
		{BA5E8644-F95A-2F27-3F08-0299978F675E}.Debug|Any CPU.ActiveCfg = Debug|Any CPU
		{BA5E8644-F95A-2F27-3F08-0299978F675E}.Debug|Any CPU.Build.0 = Debug|Any CPU
		{BA5E8644-F95A-2F27-3F08-0299978F675E}.Release|Any CPU.ActiveCfg = Release|Any CPU
		{BA5E8644-F95A-2F27-3F08-0299978F675E}.Release|Any CPU.Build.0 = Release|Any CPU
		{3FDA8E2C-53CA-2F92-FB98-271C5E016013}.Debug|Any CPU.ActiveCfg = Debug|Any CPU
		{3FDA8E2C-53CA-2F92-FB98-271C5E016013}.Debug|Any CPU.Build.0 = Debug|Any CPU
		{3FDA8E2C-53CA-2F92-FB98-271C5E016013}.Release|Any CPU.ActiveCfg = Release|Any CPU
		{3FDA8E2C-53CA-2F92-FB98-271C5E016013}.Release|Any CPU.Build.0 = Release|Any CPU
	EndGlobalSection
	GlobalSection(SolutionProperties) = preSolution
		HideSolutionNode = FALSE
	EndGlobalSection
EndGlobal
